
Microsoft Visual Studio Solution File, Format Version 12.00
# Visual Studio 15
Project("{FAE04EC0-301F-11D3-BF4B-00C04F79EFBC}") = "NOUKABAICH", "Assembly-CSharp.csproj", "{4B96549A-D04C-17A9-C443-30747A8FAB4B}"
EndProject
Project("{FAE04EC0-301F-11D3-BF4B-00C04F79EFBC}") = "NOUKABAICH", "Assembly-CSharp-firstpass.csproj", "{A86AAD40-81BD-FD29-CAA3-05CAE2F27960}"
EndProject
Project("{FAE04EC0-301F-11D3-BF4B-00C04F79EFBC}") = "NOUKABAICH", "Assembly-CSharp-Editor-firstpass.csproj", "{85EABB96-7913-0352-8FFF-828208D85A18}"
EndProject
Project("{FAE04EC0-301F-11D3-BF4B-00C04F79EFBC}") = "NOUKABAICH", "Assembly-CSharp-Editor.csproj", "{40C9717F-6641-1695-2FE5-ACAEDB299EEC}"
EndProject
Global
	GlobalSection(SolutionConfigurationPlatforms) = preSolution
		Debug|Any CPU = Debug|Any CPU
		Release|Any CPU = Release|Any CPU
	EndGlobalSection
	GlobalSection(ProjectConfigurationPlatforms) = postSolution
		{4B96549A-D04C-17A9-C443-30747A8FAB4B}.Debug|Any CPU.ActiveCfg = Debug|Any CPU
		{4B96549A-D04C-17A9-C443-30747A8FAB4B}.Debug|Any CPU.Build.0 = Debug|Any CPU
		{4B96549A-D04C-17A9-C443-30747A8FAB4B}.Release|Any CPU.ActiveCfg = Release|Any CPU
		{4B96549A-D04C-17A9-C443-30747A8FAB4B}.Release|Any CPU.Build.0 = Release|Any CPU
		{A86AAD40-81BD-FD29-CAA3-05CAE2F27960}.Debug|Any CPU.ActiveCfg = Debug|Any CPU
		{A86AAD40-81BD-FD29-CAA3-05CAE2F27960}.Debug|Any CPU.Build.0 = Debug|Any CPU
		{A86AAD40-81BD-FD29-CAA3-05CAE2F27960}.Release|Any CPU.ActiveCfg = Release|Any CPU
		{A86AAD40-81BD-FD29-CAA3-05CAE2F27960}.Release|Any CPU.Build.0 = Release|Any CPU
		{85EABB96-7913-0352-8FFF-828208D85A18}.Debug|Any CPU.ActiveCfg = Debug|Any CPU
		{85EABB96-7913-0352-8FFF-828208D85A18}.Debug|Any CPU.Build.0 = Debug|Any CPU
		{85EABB96-7913-0352-8FFF-828208D85A18}.Release|Any CPU.ActiveCfg = Release|Any CPU
		{85EABB96-7913-0352-8FFF-828208D85A18}.Release|Any CPU.Build.0 = Release|Any CPU
		{40C9717F-6641-1695-2FE5-ACAEDB299EEC}.Debug|Any CPU.ActiveCfg = Debug|Any CPU
		{40C9717F-6641-1695-2FE5-ACAEDB299EEC}.Debug|Any CPU.Build.0 = Debug|Any CPU
		{40C9717F-6641-1695-2FE5-ACAEDB299EEC}.Release|Any CPU.ActiveCfg = Release|Any CPU
		{40C9717F-6641-1695-2FE5-ACAEDB299EEC}.Release|Any CPU.Build.0 = Release|Any CPU
	EndGlobalSection
	GlobalSection(SolutionProperties) = preSolution
		HideSolutionNode = FALSE
	EndGlobalSection
EndGlobal
